// !$*UTF8*$!
{
	archiveVersion = 1;
	classes = {
	};
	objectVersion = 50;
	objects = {

/* Begin PBXBuildFile section */
		132429BE2274919600D6B1B1 /* HomeViewController.swift in Sources */ = {isa = PBXBuildFile; fileRef = 132429BD2274919600D6B1B1 /* HomeViewController.swift */; };
		132429C02274940B00D6B1B1 /* PageViewController.swift in Sources */ = {isa = PBXBuildFile; fileRef = 132429BF2274940B00D6B1B1 /* PageViewController.swift */; };
		132429C22274944600D6B1B1 /* FirstPageViewController.swift in Sources */ = {isa = PBXBuildFile; fileRef = 132429C12274944600D6B1B1 /* FirstPageViewController.swift */; };
		132429C42274945100D6B1B1 /* SecondPageViewController.swift in Sources */ = {isa = PBXBuildFile; fileRef = 132429C32274945100D6B1B1 /* SecondPageViewController.swift */; };
		132429C62274945B00D6B1B1 /* ThirdPageViewController.swift in Sources */ = {isa = PBXBuildFile; fileRef = 132429C52274945B00D6B1B1 /* ThirdPageViewController.swift */; };
		132429CF2274B6D000D6B1B1 /* IntroViewController.swift in Sources */ = {isa = PBXBuildFile; fileRef = 132429CE2274B6D000D6B1B1 /* IntroViewController.swift */; };
		13B4747A227327DB00E68DB7 /* QuestionData.swift in Sources */ = {isa = PBXBuildFile; fileRef = 13B47479227327DB00E68DB7 /* QuestionData.swift */; };
		13B4747C227331F300E68DB7 /* SecondViewController.swift in Sources */ = {isa = PBXBuildFile; fileRef = 13B4747B227331F300E68DB7 /* SecondViewController.swift */; };
		13B474802273349C00E68DB7 /* ScrollViewController.swift in Sources */ = {isa = PBXBuildFile; fileRef = 13B4747F2273349C00E68DB7 /* ScrollViewController.swift */; };
		13B474822273363C00E68DB7 /* Slide.swift in Sources */ = {isa = PBXBuildFile; fileRef = 13B474812273363C00E68DB7 /* Slide.swift */; };
		13B474842273365500E68DB7 /* Slide.xib in Resources */ = {isa = PBXBuildFile; fileRef = 13B474832273365500E68DB7 /* Slide.xib */; };
		13CE52662272C7C3003BBF37 /* AppDelegate.swift in Sources */ = {isa = PBXBuildFile; fileRef = 13CE52652272C7C3003BBF37 /* AppDelegate.swift */; };
		13CE52682272C7C3003BBF37 /* ViewController.swift in Sources */ = {isa = PBXBuildFile; fileRef = 13CE52672272C7C3003BBF37 /* ViewController.swift */; };
		13CE526B2272C7C3003BBF37 /* Main.storyboard in Resources */ = {isa = PBXBuildFile; fileRef = 13CE52692272C7C3003BBF37 /* Main.storyboard */; };
		13CE526D2272C7C4003BBF37 /* Assets.xcassets in Resources */ = {isa = PBXBuildFile; fileRef = 13CE526C2272C7C4003BBF37 /* Assets.xcassets */; };
		13CE52702272C7C4003BBF37 /* LaunchScreen.storyboard in Resources */ = {isa = PBXBuildFile; fileRef = 13CE526E2272C7C4003BBF37 /* LaunchScreen.storyboard */; };
		13CE52782272C841003BBF37 /* Questions.swift in Sources */ = {isa = PBXBuildFile; fileRef = 13CE52772272C841003BBF37 /* Questions.swift */; };
		13E4E4282275868600689E06 /* Intro2ViewController.swift in Sources */ = {isa = PBXBuildFile; fileRef = 13E4E4272275868600689E06 /* Intro2ViewController.swift */; };
		4BE409DE5004356C12B9417C /* Pods_NewQuestions.framework in Frameworks */ = {isa = PBXBuildFile; fileRef = 2F2BC4746CB60AFBEB452573 /* Pods_NewQuestions.framework */; };
		8ED8299E2275FAB400122E73 /* BottomSheetController.swift in Sources */ = {isa = PBXBuildFile; fileRef = 8ED8299C2275FAB400122E73 /* BottomSheetController.swift */; };
		8ED8299F2275FAB400122E73 /* BottomSheetView.swift in Sources */ = {isa = PBXBuildFile; fileRef = 8ED8299D2275FAB400122E73 /* BottomSheetView.swift */; };
		8ED829A62275FAEB00122E73 /* Tests.swift in Sources */ = {isa = PBXBuildFile; fileRef = 8ED829A02275FAEB00122E73 /* Tests.swift */; };
		8ED829A72275FAEB00122E73 /* Users.swift in Sources */ = {isa = PBXBuildFile; fileRef = 8ED829A12275FAEB00122E73 /* Users.swift */; };
		8ED829A82275FAEB00122E73 /* Challenges.swift in Sources */ = {isa = PBXBuildFile; fileRef = 8ED829A22275FAEB00122E73 /* Challenges.swift */; };
		8ED829A92275FAEB00122E73 /* DepressionTests.swift in Sources */ = {isa = PBXBuildFile; fileRef = 8ED829A32275FAEB00122E73 /* DepressionTests.swift */; };
		8ED829AA2275FAEB00122E73 /* Feedbacks.swift in Sources */ = {isa = PBXBuildFile; fileRef = 8ED829A42275FAEB00122E73 /* Feedbacks.swift */; };
		8ED829AB2275FAEB00122E73 /* BottomSheetView.xib in Resources */ = {isa = PBXBuildFile; fileRef = 8ED829A52275FAEB00122E73 /* BottomSheetView.xib */; };
		8ED829B12276887700122E73 /* AllChallengesTableViewController.swift in Sources */ = {isa = PBXBuildFile; fileRef = 8ED829B02276887700122E73 /* AllChallengesTableViewController.swift */; };
		8ED829B32276C02500122E73 /* FeedbackViewController.swift in Sources */ = {isa = PBXBuildFile; fileRef = 8ED829B22276C02400122E73 /* FeedbackViewController.swift */; };
		8ED829B72276E13C00122E73 /* BreathingViewController.swift in Sources */ = {isa = PBXBuildFile; fileRef = 8ED829B62276E13C00122E73 /* BreathingViewController.swift */; };
		8ED829D72276E85A00122E73 /* SF-Pro-Display-HeavyItalic.otf in Resources */ = {isa = PBXBuildFile; fileRef = 8ED829B92276E85700122E73 /* SF-Pro-Display-HeavyItalic.otf */; };
		8ED829D82276E85A00122E73 /* SF-Pro-Text-HeavyItalic.otf in Resources */ = {isa = PBXBuildFile; fileRef = 8ED829BA2276E85800122E73 /* SF-Pro-Text-HeavyItalic.otf */; };
		8ED829D92276E85A00122E73 /* SF-Pro-Display-SemiboldItalic.otf in Resources */ = {isa = PBXBuildFile; fileRef = 8ED829BB2276E85800122E73 /* SF-Pro-Display-SemiboldItalic.otf */; };
		8ED829DA2276E85A00122E73 /* SF-Pro-Display-Black.otf in Resources */ = {isa = PBXBuildFile; fileRef = 8ED829BC2276E85800122E73 /* SF-Pro-Display-Black.otf */; };
		8ED829DB2276E85A00122E73 /* SF-Pro-Display-BoldItalic.otf in Resources */ = {isa = PBXBuildFile; fileRef = 8ED829BD2276E85800122E73 /* SF-Pro-Display-BoldItalic.otf */; };
		8ED829DC2276E85A00122E73 /* SF-Pro-Display-Bold.otf in Resources */ = {isa = PBXBuildFile; fileRef = 8ED829BE2276E85800122E73 /* SF-Pro-Display-Bold.otf */; };
		8ED829DD2276E85A00122E73 /* SF-Pro-Text-Regular.otf in Resources */ = {isa = PBXBuildFile; fileRef = 8ED829BF2276E85800122E73 /* SF-Pro-Text-Regular.otf */; };
		8ED829DE2276E85A00122E73 /* SF-Pro-Text-SemiboldItalic.otf in Resources */ = {isa = PBXBuildFile; fileRef = 8ED829C02276E85800122E73 /* SF-Pro-Text-SemiboldItalic.otf */; };
		8ED829DF2276E85A00122E73 /* SF-Pro-Text-BoldItalic.otf in Resources */ = {isa = PBXBuildFile; fileRef = 8ED829C12276E85800122E73 /* SF-Pro-Text-BoldItalic.otf */; };
		8ED829E02276E85A00122E73 /* SF-Pro-Text-LightItalic.otf in Resources */ = {isa = PBXBuildFile; fileRef = 8ED829C22276E85800122E73 /* SF-Pro-Text-LightItalic.otf */; };
		8ED829E12276E85A00122E73 /* SF-Pro-Text-Bold.otf in Resources */ = {isa = PBXBuildFile; fileRef = 8ED829C32276E85800122E73 /* SF-Pro-Text-Bold.otf */; };
		8ED829E22276E85A00122E73 /* SF-Pro-Text-RegularItalic.otf in Resources */ = {isa = PBXBuildFile; fileRef = 8ED829C42276E85900122E73 /* SF-Pro-Text-RegularItalic.otf */; };
		8ED829E32276E85A00122E73 /* SF-Pro-Display-BlackItalic.otf in Resources */ = {isa = PBXBuildFile; fileRef = 8ED829C52276E85900122E73 /* SF-Pro-Display-BlackItalic.otf */; };
		8ED829E42276E85A00122E73 /* SF-Pro-Display-UltralightItalic.otf in Resources */ = {isa = PBXBuildFile; fileRef = 8ED829C62276E85900122E73 /* SF-Pro-Display-UltralightItalic.otf */; };
		8ED829E52276E85A00122E73 /* SF-Pro-Display-Ultralight.otf in Resources */ = {isa = PBXBuildFile; fileRef = 8ED829C72276E85900122E73 /* SF-Pro-Display-Ultralight.otf */; };
		8ED829E62276E85A00122E73 /* SF-Pro-Text-Medium.otf in Resources */ = {isa = PBXBuildFile; fileRef = 8ED829C82276E85900122E73 /* SF-Pro-Text-Medium.otf */; };
		8ED829E72276E85A00122E73 /* SF-Pro-Display-ThinItalic.otf in Resources */ = {isa = PBXBuildFile; fileRef = 8ED829C92276E85900122E73 /* SF-Pro-Display-ThinItalic.otf */; };
		8ED829E82276E85A00122E73 /* SF-Pro-Display-Medium.otf in Resources */ = {isa = PBXBuildFile; fileRef = 8ED829CA2276E85900122E73 /* SF-Pro-Display-Medium.otf */; };
		8ED829E92276E85A00122E73 /* SF-Pro-Display-Heavy.otf in Resources */ = {isa = PBXBuildFile; fileRef = 8ED829CB2276E85900122E73 /* SF-Pro-Display-Heavy.otf */; };
		8ED829EA2276E85A00122E73 /* SF-Pro-Display-RegularItalic.otf in Resources */ = {isa = PBXBuildFile; fileRef = 8ED829CC2276E85900122E73 /* SF-Pro-Display-RegularItalic.otf */; };
		8ED829EB2276E85A00122E73 /* SF-Pro-Display-LightItalic.otf in Resources */ = {isa = PBXBuildFile; fileRef = 8ED829CD2276E85900122E73 /* SF-Pro-Display-LightItalic.otf */; };
		8ED829EC2276E85A00122E73 /* SF-Pro-Text-MediumItalic.otf in Resources */ = {isa = PBXBuildFile; fileRef = 8ED829CE2276E85A00122E73 /* SF-Pro-Text-MediumItalic.otf */; };
		8ED829ED2276E85A00122E73 /* SF-Pro-Display-MediumItalic.otf in Resources */ = {isa = PBXBuildFile; fileRef = 8ED829CF2276E85A00122E73 /* SF-Pro-Display-MediumItalic.otf */; };
		8ED829EE2276E85A00122E73 /* SF-Pro-Display-Thin.otf in Resources */ = {isa = PBXBuildFile; fileRef = 8ED829D02276E85A00122E73 /* SF-Pro-Display-Thin.otf */; };
		8ED829EF2276E85A00122E73 /* SF-Pro-Text-Light.otf in Resources */ = {isa = PBXBuildFile; fileRef = 8ED829D12276E85A00122E73 /* SF-Pro-Text-Light.otf */; };
		8ED829F02276E85A00122E73 /* SF-Pro-Text-Semibold.otf in Resources */ = {isa = PBXBuildFile; fileRef = 8ED829D22276E85A00122E73 /* SF-Pro-Text-Semibold.otf */; };
		8ED829F12276E85A00122E73 /* SF-Pro-Text-Heavy.otf in Resources */ = {isa = PBXBuildFile; fileRef = 8ED829D32276E85A00122E73 /* SF-Pro-Text-Heavy.otf */; };
		8ED829F22276E85A00122E73 /* SF-Pro-Display-Regular.otf in Resources */ = {isa = PBXBuildFile; fileRef = 8ED829D42276E85A00122E73 /* SF-Pro-Display-Regular.otf */; };
		8ED829F32276E85A00122E73 /* SF-Pro-Display-Light.otf in Resources */ = {isa = PBXBuildFile; fileRef = 8ED829D52276E85A00122E73 /* SF-Pro-Display-Light.otf */; };
		8ED829F42276E85A00122E73 /* SF-Pro-Display-Semibold.otf in Resources */ = {isa = PBXBuildFile; fileRef = 8ED829D62276E85A00122E73 /* SF-Pro-Display-Semibold.otf */; };
		8ED829F62277170E00122E73 /* ChallengeStepController.swift in Sources */ = {isa = PBXBuildFile; fileRef = 8ED829F52277170E00122E73 /* ChallengeStepController.swift */; };
/* End PBXBuildFile section */

/* Begin PBXFileReference section */
		132429BD2274919600D6B1B1 /* HomeViewController.swift */ = {isa = PBXFileReference; lastKnownFileType = sourcecode.swift; path = HomeViewController.swift; sourceTree = "<group>"; };
		132429BF2274940B00D6B1B1 /* PageViewController.swift */ = {isa = PBXFileReference; lastKnownFileType = sourcecode.swift; path = PageViewController.swift; sourceTree = "<group>"; };
		132429C12274944600D6B1B1 /* FirstPageViewController.swift */ = {isa = PBXFileReference; lastKnownFileType = sourcecode.swift; path = FirstPageViewController.swift; sourceTree = "<group>"; };
		132429C32274945100D6B1B1 /* SecondPageViewController.swift */ = {isa = PBXFileReference; lastKnownFileType = sourcecode.swift; path = SecondPageViewController.swift; sourceTree = "<group>"; };
		132429C52274945B00D6B1B1 /* ThirdPageViewController.swift */ = {isa = PBXFileReference; lastKnownFileType = sourcecode.swift; path = ThirdPageViewController.swift; sourceTree = "<group>"; };
		132429CE2274B6D000D6B1B1 /* IntroViewController.swift */ = {isa = PBXFileReference; lastKnownFileType = sourcecode.swift; path = IntroViewController.swift; sourceTree = "<group>"; };
		13B47479227327DB00E68DB7 /* QuestionData.swift */ = {isa = PBXFileReference; lastKnownFileType = sourcecode.swift; path = QuestionData.swift; sourceTree = "<group>"; };
		13B4747B227331F300E68DB7 /* SecondViewController.swift */ = {isa = PBXFileReference; lastKnownFileType = sourcecode.swift; path = SecondViewController.swift; sourceTree = "<group>"; };
		13B4747F2273349C00E68DB7 /* ScrollViewController.swift */ = {isa = PBXFileReference; lastKnownFileType = sourcecode.swift; path = ScrollViewController.swift; sourceTree = "<group>"; };
		13B474812273363C00E68DB7 /* Slide.swift */ = {isa = PBXFileReference; lastKnownFileType = sourcecode.swift; path = Slide.swift; sourceTree = "<group>"; };
		13B474832273365500E68DB7 /* Slide.xib */ = {isa = PBXFileReference; lastKnownFileType = file.xib; path = Slide.xib; sourceTree = "<group>"; };
		13CE52622272C7C3003BBF37 /* NewQuestions.app */ = {isa = PBXFileReference; explicitFileType = wrapper.application; includeInIndex = 0; path = NewQuestions.app; sourceTree = BUILT_PRODUCTS_DIR; };
		13CE52652272C7C3003BBF37 /* AppDelegate.swift */ = {isa = PBXFileReference; lastKnownFileType = sourcecode.swift; path = AppDelegate.swift; sourceTree = "<group>"; };
		13CE52672272C7C3003BBF37 /* ViewController.swift */ = {isa = PBXFileReference; lastKnownFileType = sourcecode.swift; path = ViewController.swift; sourceTree = "<group>"; };
		13CE526A2272C7C3003BBF37 /* Base */ = {isa = PBXFileReference; lastKnownFileType = file.storyboard; name = Base; path = Base.lproj/Main.storyboard; sourceTree = "<group>"; };
		13CE526C2272C7C4003BBF37 /* Assets.xcassets */ = {isa = PBXFileReference; lastKnownFileType = folder.assetcatalog; path = Assets.xcassets; sourceTree = "<group>"; };
		13CE526F2272C7C4003BBF37 /* Base */ = {isa = PBXFileReference; lastKnownFileType = file.storyboard; name = Base; path = Base.lproj/LaunchScreen.storyboard; sourceTree = "<group>"; };
		13CE52712272C7C4003BBF37 /* Info.plist */ = {isa = PBXFileReference; lastKnownFileType = text.plist.xml; path = Info.plist; sourceTree = "<group>"; };
		13CE52772272C841003BBF37 /* Questions.swift */ = {isa = PBXFileReference; lastKnownFileType = sourcecode.swift; path = Questions.swift; sourceTree = "<group>"; };
		13E4E4272275868600689E06 /* Intro2ViewController.swift */ = {isa = PBXFileReference; lastKnownFileType = sourcecode.swift; path = Intro2ViewController.swift; sourceTree = "<group>"; };
		2F2BC4746CB60AFBEB452573 /* Pods_NewQuestions.framework */ = {isa = PBXFileReference; explicitFileType = wrapper.framework; includeInIndex = 0; path = Pods_NewQuestions.framework; sourceTree = BUILT_PRODUCTS_DIR; };
		8ED8299C2275FAB400122E73 /* BottomSheetController.swift */ = {isa = PBXFileReference; fileEncoding = 4; lastKnownFileType = sourcecode.swift; path = BottomSheetController.swift; sourceTree = "<group>"; };
		8ED8299D2275FAB400122E73 /* BottomSheetView.swift */ = {isa = PBXFileReference; fileEncoding = 4; lastKnownFileType = sourcecode.swift; path = BottomSheetView.swift; sourceTree = "<group>"; };
		8ED829A02275FAEB00122E73 /* Tests.swift */ = {isa = PBXFileReference; fileEncoding = 4; lastKnownFileType = sourcecode.swift; path = Tests.swift; sourceTree = "<group>"; };
		8ED829A12275FAEB00122E73 /* Users.swift */ = {isa = PBXFileReference; fileEncoding = 4; lastKnownFileType = sourcecode.swift; path = Users.swift; sourceTree = "<group>"; };
		8ED829A22275FAEB00122E73 /* Challenges.swift */ = {isa = PBXFileReference; fileEncoding = 4; lastKnownFileType = sourcecode.swift; path = Challenges.swift; sourceTree = "<group>"; };
		8ED829A32275FAEB00122E73 /* DepressionTests.swift */ = {isa = PBXFileReference; fileEncoding = 4; lastKnownFileType = sourcecode.swift; path = DepressionTests.swift; sourceTree = "<group>"; };
		8ED829A42275FAEB00122E73 /* Feedbacks.swift */ = {isa = PBXFileReference; fileEncoding = 4; lastKnownFileType = sourcecode.swift; path = Feedbacks.swift; sourceTree = "<group>"; };
		8ED829A52275FAEB00122E73 /* BottomSheetView.xib */ = {isa = PBXFileReference; fileEncoding = 4; lastKnownFileType = file.xib; path = BottomSheetView.xib; sourceTree = "<group>"; };
		8ED829B02276887700122E73 /* AllChallengesTableViewController.swift */ = {isa = PBXFileReference; lastKnownFileType = sourcecode.swift; path = AllChallengesTableViewController.swift; sourceTree = "<group>"; };
		8ED829B22276C02400122E73 /* FeedbackViewController.swift */ = {isa = PBXFileReference; lastKnownFileType = sourcecode.swift; path = FeedbackViewController.swift; sourceTree = "<group>"; };
		8ED829B62276E13C00122E73 /* BreathingViewController.swift */ = {isa = PBXFileReference; fileEncoding = 4; lastKnownFileType = sourcecode.swift; path = BreathingViewController.swift; sourceTree = "<group>"; };
		8ED829B92276E85700122E73 /* SF-Pro-Display-HeavyItalic.otf */ = {isa = PBXFileReference; lastKnownFileType = file; path = "SF-Pro-Display-HeavyItalic.otf"; sourceTree = "<group>"; };
		8ED829BA2276E85800122E73 /* SF-Pro-Text-HeavyItalic.otf */ = {isa = PBXFileReference; lastKnownFileType = file; path = "SF-Pro-Text-HeavyItalic.otf"; sourceTree = "<group>"; };
		8ED829BB2276E85800122E73 /* SF-Pro-Display-SemiboldItalic.otf */ = {isa = PBXFileReference; lastKnownFileType = file; path = "SF-Pro-Display-SemiboldItalic.otf"; sourceTree = "<group>"; };
		8ED829BC2276E85800122E73 /* SF-Pro-Display-Black.otf */ = {isa = PBXFileReference; lastKnownFileType = file; path = "SF-Pro-Display-Black.otf"; sourceTree = "<group>"; };
		8ED829BD2276E85800122E73 /* SF-Pro-Display-BoldItalic.otf */ = {isa = PBXFileReference; lastKnownFileType = file; path = "SF-Pro-Display-BoldItalic.otf"; sourceTree = "<group>"; };
		8ED829BE2276E85800122E73 /* SF-Pro-Display-Bold.otf */ = {isa = PBXFileReference; lastKnownFileType = file; path = "SF-Pro-Display-Bold.otf"; sourceTree = "<group>"; };
		8ED829BF2276E85800122E73 /* SF-Pro-Text-Regular.otf */ = {isa = PBXFileReference; lastKnownFileType = file; path = "SF-Pro-Text-Regular.otf"; sourceTree = "<group>"; };
		8ED829C02276E85800122E73 /* SF-Pro-Text-SemiboldItalic.otf */ = {isa = PBXFileReference; lastKnownFileType = file; path = "SF-Pro-Text-SemiboldItalic.otf"; sourceTree = "<group>"; };
		8ED829C12276E85800122E73 /* SF-Pro-Text-BoldItalic.otf */ = {isa = PBXFileReference; lastKnownFileType = file; path = "SF-Pro-Text-BoldItalic.otf"; sourceTree = "<group>"; };
		8ED829C22276E85800122E73 /* SF-Pro-Text-LightItalic.otf */ = {isa = PBXFileReference; lastKnownFileType = file; path = "SF-Pro-Text-LightItalic.otf"; sourceTree = "<group>"; };
		8ED829C32276E85800122E73 /* SF-Pro-Text-Bold.otf */ = {isa = PBXFileReference; lastKnownFileType = file; path = "SF-Pro-Text-Bold.otf"; sourceTree = "<group>"; };
		8ED829C42276E85900122E73 /* SF-Pro-Text-RegularItalic.otf */ = {isa = PBXFileReference; lastKnownFileType = file; path = "SF-Pro-Text-RegularItalic.otf"; sourceTree = "<group>"; };
		8ED829C52276E85900122E73 /* SF-Pro-Display-BlackItalic.otf */ = {isa = PBXFileReference; lastKnownFileType = file; path = "SF-Pro-Display-BlackItalic.otf"; sourceTree = "<group>"; };
		8ED829C62276E85900122E73 /* SF-Pro-Display-UltralightItalic.otf */ = {isa = PBXFileReference; lastKnownFileType = file; path = "SF-Pro-Display-UltralightItalic.otf"; sourceTree = "<group>"; };
		8ED829C72276E85900122E73 /* SF-Pro-Display-Ultralight.otf */ = {isa = PBXFileReference; lastKnownFileType = file; path = "SF-Pro-Display-Ultralight.otf"; sourceTree = "<group>"; };
		8ED829C82276E85900122E73 /* SF-Pro-Text-Medium.otf */ = {isa = PBXFileReference; lastKnownFileType = file; path = "SF-Pro-Text-Medium.otf"; sourceTree = "<group>"; };
		8ED829C92276E85900122E73 /* SF-Pro-Display-ThinItalic.otf */ = {isa = PBXFileReference; lastKnownFileType = file; path = "SF-Pro-Display-ThinItalic.otf"; sourceTree = "<group>"; };
		8ED829CA2276E85900122E73 /* SF-Pro-Display-Medium.otf */ = {isa = PBXFileReference; lastKnownFileType = file; path = "SF-Pro-Display-Medium.otf"; sourceTree = "<group>"; };
		8ED829CB2276E85900122E73 /* SF-Pro-Display-Heavy.otf */ = {isa = PBXFileReference; lastKnownFileType = file; path = "SF-Pro-Display-Heavy.otf"; sourceTree = "<group>"; };
		8ED829CC2276E85900122E73 /* SF-Pro-Display-RegularItalic.otf */ = {isa = PBXFileReference; lastKnownFileType = file; path = "SF-Pro-Display-RegularItalic.otf"; sourceTree = "<group>"; };
		8ED829CD2276E85900122E73 /* SF-Pro-Display-LightItalic.otf */ = {isa = PBXFileReference; lastKnownFileType = file; path = "SF-Pro-Display-LightItalic.otf"; sourceTree = "<group>"; };
		8ED829CE2276E85A00122E73 /* SF-Pro-Text-MediumItalic.otf */ = {isa = PBXFileReference; lastKnownFileType = file; path = "SF-Pro-Text-MediumItalic.otf"; sourceTree = "<group>"; };
		8ED829CF2276E85A00122E73 /* SF-Pro-Display-MediumItalic.otf */ = {isa = PBXFileReference; lastKnownFileType = file; path = "SF-Pro-Display-MediumItalic.otf"; sourceTree = "<group>"; };
		8ED829D02276E85A00122E73 /* SF-Pro-Display-Thin.otf */ = {isa = PBXFileReference; lastKnownFileType = file; path = "SF-Pro-Display-Thin.otf"; sourceTree = "<group>"; };
		8ED829D12276E85A00122E73 /* SF-Pro-Text-Light.otf */ = {isa = PBXFileReference; lastKnownFileType = file; path = "SF-Pro-Text-Light.otf"; sourceTree = "<group>"; };
		8ED829D22276E85A00122E73 /* SF-Pro-Text-Semibold.otf */ = {isa = PBXFileReference; lastKnownFileType = file; path = "SF-Pro-Text-Semibold.otf"; sourceTree = "<group>"; };
		8ED829D32276E85A00122E73 /* SF-Pro-Text-Heavy.otf */ = {isa = PBXFileReference; lastKnownFileType = file; path = "SF-Pro-Text-Heavy.otf"; sourceTree = "<group>"; };
		8ED829D42276E85A00122E73 /* SF-Pro-Display-Regular.otf */ = {isa = PBXFileReference; lastKnownFileType = file; path = "SF-Pro-Display-Regular.otf"; sourceTree = "<group>"; };
		8ED829D52276E85A00122E73 /* SF-Pro-Display-Light.otf */ = {isa = PBXFileReference; lastKnownFileType = file; path = "SF-Pro-Display-Light.otf"; sourceTree = "<group>"; };
		8ED829D62276E85A00122E73 /* SF-Pro-Display-Semibold.otf */ = {isa = PBXFileReference; lastKnownFileType = file; path = "SF-Pro-Display-Semibold.otf"; sourceTree = "<group>"; };
		8ED829F52277170E00122E73 /* ChallengeStepController.swift */ = {isa = PBXFileReference; lastKnownFileType = sourcecode.swift; path = ChallengeStepController.swift; sourceTree = "<group>"; };
		AD3428714EAFCF758A9DBD5B /* Pods-NewQuestions.release.xcconfig */ = {isa = PBXFileReference; includeInIndex = 1; lastKnownFileType = text.xcconfig; name = "Pods-NewQuestions.release.xcconfig"; path = "Target Support Files/Pods-NewQuestions/Pods-NewQuestions.release.xcconfig"; sourceTree = "<group>"; };
		F5C8ED7CF90686377B1C3A2A /* Pods-NewQuestions.debug.xcconfig */ = {isa = PBXFileReference; includeInIndex = 1; lastKnownFileType = text.xcconfig; name = "Pods-NewQuestions.debug.xcconfig"; path = "Target Support Files/Pods-NewQuestions/Pods-NewQuestions.debug.xcconfig"; sourceTree = "<group>"; };
/* End PBXFileReference section */

/* Begin PBXFrameworksBuildPhase section */
		13CE525F2272C7C3003BBF37 /* Frameworks */ = {
			isa = PBXFrameworksBuildPhase;
			buildActionMask = 2147483647;
			files = (
				4BE409DE5004356C12B9417C /* Pods_NewQuestions.framework in Frameworks */,
			);
			runOnlyForDeploymentPostprocessing = 0;
		};
/* End PBXFrameworksBuildPhase section */

/* Begin PBXGroup section */
		015611109C5B30CC6035D974 /* Frameworks */ = {
			isa = PBXGroup;
			children = (
				2F2BC4746CB60AFBEB452573 /* Pods_NewQuestions.framework */,
			);
			name = Frameworks;
			sourceTree = "<group>";
		};
		132429C72274946100D6B1B1 /* Page View Start */ = {
			isa = PBXGroup;
			children = (
				132429BF2274940B00D6B1B1 /* PageViewController.swift */,
				132429C12274944600D6B1B1 /* FirstPageViewController.swift */,
				132429C32274945100D6B1B1 /* SecondPageViewController.swift */,
				132429C52274945B00D6B1B1 /* ThirdPageViewController.swift */,
			);
			path = "Page View Start";
			sourceTree = "<group>";
		};
		13B474752273243F00E68DB7 /* Controllers */ = {
			isa = PBXGroup;
			children = (
				8ED829B62276E13C00122E73 /* BreathingViewController.swift */,
				8ED8299C2275FAB400122E73 /* BottomSheetController.swift */,
				8ED8299D2275FAB400122E73 /* BottomSheetView.swift */,
				13CE52652272C7C3003BBF37 /* AppDelegate.swift */,
				132429BD2274919600D6B1B1 /* HomeViewController.swift */,
				13CE52672272C7C3003BBF37 /* ViewController.swift */,
				13B4747B227331F300E68DB7 /* SecondViewController.swift */,
				13B4747F2273349C00E68DB7 /* ScrollViewController.swift */,
				132429C72274946100D6B1B1 /* Page View Start */,
				132429CE2274B6D000D6B1B1 /* IntroViewController.swift */,
				13E4E4272275868600689E06 /* Intro2ViewController.swift */,
				8ED829B02276887700122E73 /* AllChallengesTableViewController.swift */,
				8ED829B22276C02400122E73 /* FeedbackViewController.swift */,
				8ED829F52277170E00122E73 /* ChallengeStepController.swift */,
			);
			path = Controllers;
			sourceTree = "<group>";
		};
		13B474762273244600E68DB7 /* View */ = {
			isa = PBXGroup;
			children = (
				13CE52692272C7C3003BBF37 /* Main.storyboard */,
				13CE526C2272C7C4003BBF37 /* Assets.xcassets */,
			);
			path = View;
			sourceTree = "<group>";
		};
		13B474772273245400E68DB7 /* Supporting Files */ = {
			isa = PBXGroup;
			children = (
				13CE526E2272C7C4003BBF37 /* LaunchScreen.storyboard */,
				13CE52712272C7C4003BBF37 /* Info.plist */,
			);
			path = "Supporting Files";
			sourceTree = "<group>";
		};
		13B474782273274D00E68DB7 /* Model */ = {
			isa = PBXGroup;
			children = (
				8ED829A52275FAEB00122E73 /* BottomSheetView.xib */,
				8ED829A22275FAEB00122E73 /* Challenges.swift */,
				8ED829A32275FAEB00122E73 /* DepressionTests.swift */,
				8ED829A42275FAEB00122E73 /* Feedbacks.swift */,
				8ED829A02275FAEB00122E73 /* Tests.swift */,
				8ED829A12275FAEB00122E73 /* Users.swift */,
				13CE52772272C841003BBF37 /* Questions.swift */,
				13B47479227327DB00E68DB7 /* QuestionData.swift */,
				13B474812273363C00E68DB7 /* Slide.swift */,
				13B474832273365500E68DB7 /* Slide.xib */,
			);
			path = Model;
			sourceTree = "<group>";
		};
		13CE52592272C7C3003BBF37 = {
			isa = PBXGroup;
			children = (
				8ED829B82276E84100122E73 /* SF Pro */,
				13CE52642272C7C3003BBF37 /* NewQuestions */,
				13CE52632272C7C3003BBF37 /* Products */,
				F1693CED1F257FDADCD89E7B /* Pods */,
				015611109C5B30CC6035D974 /* Frameworks */,
			);
			sourceTree = "<group>";
		};
		13CE52632272C7C3003BBF37 /* Products */ = {
			isa = PBXGroup;
			children = (
				13CE52622272C7C3003BBF37 /* NewQuestions.app */,
			);
			name = Products;
			sourceTree = "<group>";
		};
		13CE52642272C7C3003BBF37 /* NewQuestions */ = {
			isa = PBXGroup;
			children = (
				13B474782273274D00E68DB7 /* Model */,
				13B474752273243F00E68DB7 /* Controllers */,
				13B474762273244600E68DB7 /* View */,
				13B474772273245400E68DB7 /* Supporting Files */,
			);
			path = NewQuestions;
			sourceTree = "<group>";
		};
		8ED829B82276E84100122E73 /* SF Pro */ = {
			isa = PBXGroup;
			children = (
				8ED829BC2276E85800122E73 /* SF-Pro-Display-Black.otf */,
				8ED829C52276E85900122E73 /* SF-Pro-Display-BlackItalic.otf */,
				8ED829BE2276E85800122E73 /* SF-Pro-Display-Bold.otf */,
				8ED829BD2276E85800122E73 /* SF-Pro-Display-BoldItalic.otf */,
				8ED829CB2276E85900122E73 /* SF-Pro-Display-Heavy.otf */,
				8ED829B92276E85700122E73 /* SF-Pro-Display-HeavyItalic.otf */,
				8ED829D52276E85A00122E73 /* SF-Pro-Display-Light.otf */,
				8ED829CD2276E85900122E73 /* SF-Pro-Display-LightItalic.otf */,
				8ED829CA2276E85900122E73 /* SF-Pro-Display-Medium.otf */,
				8ED829CF2276E85A00122E73 /* SF-Pro-Display-MediumItalic.otf */,
				8ED829D42276E85A00122E73 /* SF-Pro-Display-Regular.otf */,
				8ED829CC2276E85900122E73 /* SF-Pro-Display-RegularItalic.otf */,
				8ED829D62276E85A00122E73 /* SF-Pro-Display-Semibold.otf */,
				8ED829BB2276E85800122E73 /* SF-Pro-Display-SemiboldItalic.otf */,
				8ED829D02276E85A00122E73 /* SF-Pro-Display-Thin.otf */,
				8ED829C92276E85900122E73 /* SF-Pro-Display-ThinItalic.otf */,
				8ED829C72276E85900122E73 /* SF-Pro-Display-Ultralight.otf */,
				8ED829C62276E85900122E73 /* SF-Pro-Display-UltralightItalic.otf */,
				8ED829C32276E85800122E73 /* SF-Pro-Text-Bold.otf */,
				8ED829C12276E85800122E73 /* SF-Pro-Text-BoldItalic.otf */,
				8ED829D32276E85A00122E73 /* SF-Pro-Text-Heavy.otf */,
				8ED829BA2276E85800122E73 /* SF-Pro-Text-HeavyItalic.otf */,
				8ED829D12276E85A00122E73 /* SF-Pro-Text-Light.otf */,
				8ED829C22276E85800122E73 /* SF-Pro-Text-LightItalic.otf */,
				8ED829C82276E85900122E73 /* SF-Pro-Text-Medium.otf */,
				8ED829CE2276E85A00122E73 /* SF-Pro-Text-MediumItalic.otf */,
				8ED829BF2276E85800122E73 /* SF-Pro-Text-Regular.otf */,
				8ED829C42276E85900122E73 /* SF-Pro-Text-RegularItalic.otf */,
				8ED829D22276E85A00122E73 /* SF-Pro-Text-Semibold.otf */,
				8ED829C02276E85800122E73 /* SF-Pro-Text-SemiboldItalic.otf */,
			);
			path = "SF Pro";
			sourceTree = "<group>";
		};
		F1693CED1F257FDADCD89E7B /* Pods */ = {
			isa = PBXGroup;
			children = (
				F5C8ED7CF90686377B1C3A2A /* Pods-NewQuestions.debug.xcconfig */,
				AD3428714EAFCF758A9DBD5B /* Pods-NewQuestions.release.xcconfig */,
			);
			path = Pods;
			sourceTree = "<group>";
		};
/* End PBXGroup section */

/* Begin PBXNativeTarget section */
		13CE52612272C7C3003BBF37 /* NewQuestions */ = {
			isa = PBXNativeTarget;
			buildConfigurationList = 13CE52742272C7C4003BBF37 /* Build configuration list for PBXNativeTarget "NewQuestions" */;
			buildPhases = (
				076C9E4C1393806C49937E4C /* [CP] Check Pods Manifest.lock */,
				13CE525E2272C7C3003BBF37 /* Sources */,
				13CE525F2272C7C3003BBF37 /* Frameworks */,
				13CE52602272C7C3003BBF37 /* Resources */,
				BB64F6809F87A4159049720F /* [CP] Embed Pods Frameworks */,
			);
			buildRules = (
			);
			dependencies = (
			);
			name = NewQuestions;
			productName = NewQuestions;
			productReference = 13CE52622272C7C3003BBF37 /* NewQuestions.app */;
			productType = "com.apple.product-type.application";
		};
/* End PBXNativeTarget section */

/* Begin PBXProject section */
		13CE525A2272C7C3003BBF37 /* Project object */ = {
			isa = PBXProject;
			attributes = {
				LastSwiftUpdateCheck = 1020;
				LastUpgradeCheck = 1020;
				ORGANIZATIONNAME = "Josiah Elisha";
				TargetAttributes = {
					13CE52612272C7C3003BBF37 = {
						CreatedOnToolsVersion = 10.2.1;
					};
				};
			};
			buildConfigurationList = 13CE525D2272C7C3003BBF37 /* Build configuration list for PBXProject "NewQuestions" */;
			compatibilityVersion = "Xcode 9.3";
			developmentRegion = en;
			hasScannedForEncodings = 0;
			knownRegions = (
				en,
				Base,
			);
			mainGroup = 13CE52592272C7C3003BBF37;
			productRefGroup = 13CE52632272C7C3003BBF37 /* Products */;
			projectDirPath = "";
			projectRoot = "";
			targets = (
				13CE52612272C7C3003BBF37 /* NewQuestions */,
			);
		};
/* End PBXProject section */

/* Begin PBXResourcesBuildPhase section */
		13CE52602272C7C3003BBF37 /* Resources */ = {
			isa = PBXResourcesBuildPhase;
			buildActionMask = 2147483647;
			files = (
				8ED829E82276E85A00122E73 /* SF-Pro-Display-Medium.otf in Resources */,
				13CE52702272C7C4003BBF37 /* LaunchScreen.storyboard in Resources */,
				8ED829EF2276E85A00122E73 /* SF-Pro-Text-Light.otf in Resources */,
				8ED829AB2275FAEB00122E73 /* BottomSheetView.xib in Resources */,
				8ED829DC2276E85A00122E73 /* SF-Pro-Display-Bold.otf in Resources */,
				8ED829D72276E85A00122E73 /* SF-Pro-Display-HeavyItalic.otf in Resources */,
				8ED829DE2276E85A00122E73 /* SF-Pro-Text-SemiboldItalic.otf in Resources */,
				8ED829E92276E85A00122E73 /* SF-Pro-Display-Heavy.otf in Resources */,
				8ED829D82276E85A00122E73 /* SF-Pro-Text-HeavyItalic.otf in Resources */,
				8ED829EC2276E85A00122E73 /* SF-Pro-Text-MediumItalic.otf in Resources */,
				8ED829ED2276E85A00122E73 /* SF-Pro-Display-MediumItalic.otf in Resources */,
				8ED829E02276E85A00122E73 /* SF-Pro-Text-LightItalic.otf in Resources */,
				13CE526D2272C7C4003BBF37 /* Assets.xcassets in Resources */,
				8ED829D92276E85A00122E73 /* SF-Pro-Display-SemiboldItalic.otf in Resources */,
				8ED829E52276E85A00122E73 /* SF-Pro-Display-Ultralight.otf in Resources */,
				8ED829E12276E85A00122E73 /* SF-Pro-Text-Bold.otf in Resources */,
				13CE526B2272C7C3003BBF37 /* Main.storyboard in Resources */,
				8ED829DB2276E85A00122E73 /* SF-Pro-Display-BoldItalic.otf in Resources */,
				8ED829DD2276E85A00122E73 /* SF-Pro-Text-Regular.otf in Resources */,
				8ED829EA2276E85A00122E73 /* SF-Pro-Display-RegularItalic.otf in Resources */,
				8ED829F02276E85A00122E73 /* SF-Pro-Text-Semibold.otf in Resources */,
				8ED829F32276E85A00122E73 /* SF-Pro-Display-Light.otf in Resources */,
				8ED829EB2276E85A00122E73 /* SF-Pro-Display-LightItalic.otf in Resources */,
				8ED829EE2276E85A00122E73 /* SF-Pro-Display-Thin.otf in Resources */,
				8ED829F42276E85A00122E73 /* SF-Pro-Display-Semibold.otf in Resources */,
				8ED829DA2276E85A00122E73 /* SF-Pro-Display-Black.otf in Resources */,
				8ED829F12276E85A00122E73 /* SF-Pro-Text-Heavy.otf in Resources */,
				8ED829E62276E85A00122E73 /* SF-Pro-Text-Medium.otf in Resources */,
				8ED829E32276E85A00122E73 /* SF-Pro-Display-BlackItalic.otf in Resources */,
				8ED829DF2276E85A00122E73 /* SF-Pro-Text-BoldItalic.otf in Resources */,
				8ED829E22276E85A00122E73 /* SF-Pro-Text-RegularItalic.otf in Resources */,
				13B474842273365500E68DB7 /* Slide.xib in Resources */,
				8ED829E72276E85A00122E73 /* SF-Pro-Display-ThinItalic.otf in Resources */,
				8ED829F22276E85A00122E73 /* SF-Pro-Display-Regular.otf in Resources */,
				8ED829E42276E85A00122E73 /* SF-Pro-Display-UltralightItalic.otf in Resources */,
			);
			runOnlyForDeploymentPostprocessing = 0;
		};
/* End PBXResourcesBuildPhase section */

/* Begin PBXShellScriptBuildPhase section */
		076C9E4C1393806C49937E4C /* [CP] Check Pods Manifest.lock */ = {
			isa = PBXShellScriptBuildPhase;
			buildActionMask = 2147483647;
			files = (
			);
			inputFileListPaths = (
			);
			inputPaths = (
				"${PODS_PODFILE_DIR_PATH}/Podfile.lock",
				"${PODS_ROOT}/Manifest.lock",
			);
			name = "[CP] Check Pods Manifest.lock";
			outputFileListPaths = (
			);
			outputPaths = (
				"$(DERIVED_FILE_DIR)/Pods-NewQuestions-checkManifestLockResult.txt",
			);
			runOnlyForDeploymentPostprocessing = 0;
			shellPath = /bin/sh;
			shellScript = "diff \"${PODS_PODFILE_DIR_PATH}/Podfile.lock\" \"${PODS_ROOT}/Manifest.lock\" > /dev/null\nif [ $? != 0 ] ; then\n    # print error to STDERR\n    echo \"error: The sandbox is not in sync with the Podfile.lock. Run 'pod install' or update your CocoaPods installation.\" >&2\n    exit 1\nfi\n# This output is used by Xcode 'outputs' to avoid re-running this script phase.\necho \"SUCCESS\" > \"${SCRIPT_OUTPUT_FILE_0}\"\n";
			showEnvVarsInLog = 0;
		};
		BB64F6809F87A4159049720F /* [CP] Embed Pods Frameworks */ = {
			isa = PBXShellScriptBuildPhase;
			buildActionMask = 2147483647;
			files = (
			);
			inputFileListPaths = (
			);
			inputPaths = (
				"${PODS_ROOT}/Target Support Files/Pods-NewQuestions/Pods-NewQuestions-frameworks.sh",
				"${BUILT_PRODUCTS_DIR}/Charts/Charts.framework",
				"${BUILT_PRODUCTS_DIR}/Realm/Realm.framework",
				"${BUILT_PRODUCTS_DIR}/RealmSwift/RealmSwift.framework",
				"${BUILT_PRODUCTS_DIR}/UICircularProgressRing/UICircularProgressRing.framework",
			);
			name = "[CP] Embed Pods Frameworks";
			outputFileListPaths = (
			);
			outputPaths = (
				"${TARGET_BUILD_DIR}/${FRAMEWORKS_FOLDER_PATH}/Charts.framework",
				"${TARGET_BUILD_DIR}/${FRAMEWORKS_FOLDER_PATH}/Realm.framework",
				"${TARGET_BUILD_DIR}/${FRAMEWORKS_FOLDER_PATH}/RealmSwift.framework",
				"${TARGET_BUILD_DIR}/${FRAMEWORKS_FOLDER_PATH}/UICircularProgressRing.framework",
			);
			runOnlyForDeploymentPostprocessing = 0;
			shellPath = /bin/sh;
			shellScript = "\"${PODS_ROOT}/Target Support Files/Pods-NewQuestions/Pods-NewQuestions-frameworks.sh\"\n";
			showEnvVarsInLog = 0;
		};
/* End PBXShellScriptBuildPhase section */

/* Begin PBXSourcesBuildPhase section */
		13CE525E2272C7C3003BBF37 /* Sources */ = {
			isa = PBXSourcesBuildPhase;
			buildActionMask = 2147483647;
			files = (
				13CE52782272C841003BBF37 /* Questions.swift in Sources */,
				132429CF2274B6D000D6B1B1 /* IntroViewController.swift in Sources */,
				13B474802273349C00E68DB7 /* ScrollViewController.swift in Sources */,
				8ED829A92275FAEB00122E73 /* DepressionTests.swift in Sources */,
				132429C22274944600D6B1B1 /* FirstPageViewController.swift in Sources */,
				132429C62274945B00D6B1B1 /* ThirdPageViewController.swift in Sources */,
				13CE52682272C7C3003BBF37 /* ViewController.swift in Sources */,
				8ED8299E2275FAB400122E73 /* BottomSheetController.swift in Sources */,
				8ED829AA2275FAEB00122E73 /* Feedbacks.swift in Sources */,
				8ED829B32276C02500122E73 /* FeedbackViewController.swift in Sources */,
				8ED829F62277170E00122E73 /* ChallengeStepController.swift in Sources */,
				132429BE2274919600D6B1B1 /* HomeViewController.swift in Sources */,
				132429C42274945100D6B1B1 /* SecondPageViewController.swift in Sources */,
				8ED8299F2275FAB400122E73 /* BottomSheetView.swift in Sources */,
				8ED829A72275FAEB00122E73 /* Users.swift in Sources */,
				13CE52662272C7C3003BBF37 /* AppDelegate.swift in Sources */,
				13B474822273363C00E68DB7 /* Slide.swift in Sources */,
				13E4E4282275868600689E06 /* Intro2ViewController.swift in Sources */,
				132429C02274940B00D6B1B1 /* PageViewController.swift in Sources */,
				13B4747C227331F300E68DB7 /* SecondViewController.swift in Sources */,
				8ED829B72276E13C00122E73 /* BreathingViewController.swift in Sources */,
				8ED829A82275FAEB00122E73 /* Challenges.swift in Sources */,
				13B4747A227327DB00E68DB7 /* QuestionData.swift in Sources */,
				8ED829A62275FAEB00122E73 /* Tests.swift in Sources */,
				8ED829B12276887700122E73 /* AllChallengesTableViewController.swift in Sources */,
			);
			runOnlyForDeploymentPostprocessing = 0;
		};
/* End PBXSourcesBuildPhase section */

/* Begin PBXVariantGroup section */
		13CE52692272C7C3003BBF37 /* Main.storyboard */ = {
			isa = PBXVariantGroup;
			children = (
				13CE526A2272C7C3003BBF37 /* Base */,
			);
			name = Main.storyboard;
			sourceTree = "<group>";
		};
		13CE526E2272C7C4003BBF37 /* LaunchScreen.storyboard */ = {
			isa = PBXVariantGroup;
			children = (
				13CE526F2272C7C4003BBF37 /* Base */,
			);
			name = LaunchScreen.storyboard;
			sourceTree = "<group>";
		};
/* End PBXVariantGroup section */

/* Begin XCBuildConfiguration section */
		13CE52722272C7C4003BBF37 /* Debug */ = {
			isa = XCBuildConfiguration;
			buildSettings = {
				ALWAYS_SEARCH_USER_PATHS = NO;
				CLANG_ANALYZER_NONNULL = YES;
				CLANG_ANALYZER_NUMBER_OBJECT_CONVERSION = YES_AGGRESSIVE;
				CLANG_CXX_LANGUAGE_STANDARD = "gnu++14";
				CLANG_CXX_LIBRARY = "libc++";
				CLANG_ENABLE_MODULES = YES;
				CLANG_ENABLE_OBJC_ARC = YES;
				CLANG_ENABLE_OBJC_WEAK = YES;
				CLANG_WARN_BLOCK_CAPTURE_AUTORELEASING = YES;
				CLANG_WARN_BOOL_CONVERSION = YES;
				CLANG_WARN_COMMA = YES;
				CLANG_WARN_CONSTANT_CONVERSION = YES;
				CLANG_WARN_DEPRECATED_OBJC_IMPLEMENTATIONS = YES;
				CLANG_WARN_DIRECT_OBJC_ISA_USAGE = YES_ERROR;
				CLANG_WARN_DOCUMENTATION_COMMENTS = YES;
				CLANG_WARN_EMPTY_BODY = YES;
				CLANG_WARN_ENUM_CONVERSION = YES;
				CLANG_WARN_INFINITE_RECURSION = YES;
				CLANG_WARN_INT_CONVERSION = YES;
				CLANG_WARN_NON_LITERAL_NULL_CONVERSION = YES;
				CLANG_WARN_OBJC_IMPLICIT_RETAIN_SELF = YES;
				CLANG_WARN_OBJC_LITERAL_CONVERSION = YES;
				CLANG_WARN_OBJC_ROOT_CLASS = YES_ERROR;
				CLANG_WARN_RANGE_LOOP_ANALYSIS = YES;
				CLANG_WARN_STRICT_PROTOTYPES = YES;
				CLANG_WARN_SUSPICIOUS_MOVE = YES;
				CLANG_WARN_UNGUARDED_AVAILABILITY = YES_AGGRESSIVE;
				CLANG_WARN_UNREACHABLE_CODE = YES;
				CLANG_WARN__DUPLICATE_METHOD_MATCH = YES;
				CODE_SIGN_IDENTITY = "iPhone Developer";
				COPY_PHASE_STRIP = NO;
				DEBUG_INFORMATION_FORMAT = dwarf;
				ENABLE_STRICT_OBJC_MSGSEND = YES;
				ENABLE_TESTABILITY = YES;
				GCC_C_LANGUAGE_STANDARD = gnu11;
				GCC_DYNAMIC_NO_PIC = NO;
				GCC_NO_COMMON_BLOCKS = YES;
				GCC_OPTIMIZATION_LEVEL = 0;
				GCC_PREPROCESSOR_DEFINITIONS = (
					"DEBUG=1",
					"$(inherited)",
				);
				GCC_WARN_64_TO_32_BIT_CONVERSION = YES;
				GCC_WARN_ABOUT_RETURN_TYPE = YES_ERROR;
				GCC_WARN_UNDECLARED_SELECTOR = YES;
				GCC_WARN_UNINITIALIZED_AUTOS = YES_AGGRESSIVE;
				GCC_WARN_UNUSED_FUNCTION = YES;
				GCC_WARN_UNUSED_VARIABLE = YES;
				IPHONEOS_DEPLOYMENT_TARGET = 12.2;
				MTL_ENABLE_DEBUG_INFO = INCLUDE_SOURCE;
				MTL_FAST_MATH = YES;
				ONLY_ACTIVE_ARCH = YES;
				SDKROOT = iphoneos;
				SWIFT_ACTIVE_COMPILATION_CONDITIONS = DEBUG;
				SWIFT_OPTIMIZATION_LEVEL = "-Onone";
			};
			name = Debug;
		};
		13CE52732272C7C4003BBF37 /* Release */ = {
			isa = XCBuildConfiguration;
			buildSettings = {
				ALWAYS_SEARCH_USER_PATHS = NO;
				CLANG_ANALYZER_NONNULL = YES;
				CLANG_ANALYZER_NUMBER_OBJECT_CONVERSION = YES_AGGRESSIVE;
				CLANG_CXX_LANGUAGE_STANDARD = "gnu++14";
				CLANG_CXX_LIBRARY = "libc++";
				CLANG_ENABLE_MODULES = YES;
				CLANG_ENABLE_OBJC_ARC = YES;
				CLANG_ENABLE_OBJC_WEAK = YES;
				CLANG_WARN_BLOCK_CAPTURE_AUTORELEASING = YES;
				CLANG_WARN_BOOL_CONVERSION = YES;
				CLANG_WARN_COMMA = YES;
				CLANG_WARN_CONSTANT_CONVERSION = YES;
				CLANG_WARN_DEPRECATED_OBJC_IMPLEMENTATIONS = YES;
				CLANG_WARN_DIRECT_OBJC_ISA_USAGE = YES_ERROR;
				CLANG_WARN_DOCUMENTATION_COMMENTS = YES;
				CLANG_WARN_EMPTY_BODY = YES;
				CLANG_WARN_ENUM_CONVERSION = YES;
				CLANG_WARN_INFINITE_RECURSION = YES;
				CLANG_WARN_INT_CONVERSION = YES;
				CLANG_WARN_NON_LITERAL_NULL_CONVERSION = YES;
				CLANG_WARN_OBJC_IMPLICIT_RETAIN_SELF = YES;
				CLANG_WARN_OBJC_LITERAL_CONVERSION = YES;
				CLANG_WARN_OBJC_ROOT_CLASS = YES_ERROR;
				CLANG_WARN_RANGE_LOOP_ANALYSIS = YES;
				CLANG_WARN_STRICT_PROTOTYPES = YES;
				CLANG_WARN_SUSPICIOUS_MOVE = YES;
				CLANG_WARN_UNGUARDED_AVAILABILITY = YES_AGGRESSIVE;
				CLANG_WARN_UNREACHABLE_CODE = YES;
				CLANG_WARN__DUPLICATE_METHOD_MATCH = YES;
				CODE_SIGN_IDENTITY = "iPhone Developer";
				COPY_PHASE_STRIP = NO;
				DEBUG_INFORMATION_FORMAT = "dwarf-with-dsym";
				ENABLE_NS_ASSERTIONS = NO;
				ENABLE_STRICT_OBJC_MSGSEND = YES;
				GCC_C_LANGUAGE_STANDARD = gnu11;
				GCC_NO_COMMON_BLOCKS = YES;
				GCC_WARN_64_TO_32_BIT_CONVERSION = YES;
				GCC_WARN_ABOUT_RETURN_TYPE = YES_ERROR;
				GCC_WARN_UNDECLARED_SELECTOR = YES;
				GCC_WARN_UNINITIALIZED_AUTOS = YES_AGGRESSIVE;
				GCC_WARN_UNUSED_FUNCTION = YES;
				GCC_WARN_UNUSED_VARIABLE = YES;
				IPHONEOS_DEPLOYMENT_TARGET = 12.2;
				MTL_ENABLE_DEBUG_INFO = NO;
				MTL_FAST_MATH = YES;
				SDKROOT = iphoneos;
				SWIFT_COMPILATION_MODE = wholemodule;
				SWIFT_OPTIMIZATION_LEVEL = "-O";
				VALIDATE_PRODUCT = YES;
			};
			name = Release;
		};
		13CE52752272C7C4003BBF37 /* Debug */ = {
			isa = XCBuildConfiguration;
			baseConfigurationReference = F5C8ED7CF90686377B1C3A2A /* Pods-NewQuestions.debug.xcconfig */;
			buildSettings = {
				ASSETCATALOG_COMPILER_APPICON_NAME = AppIcon;
				CODE_SIGN_IDENTITY = "iPhone Developer";
				CODE_SIGN_STYLE = Automatic;
				DEVELOPMENT_TEAM = NZQAU3W3J4;
				INFOPLIST_FILE = "$(SRCROOT)/NewQuestions/Supporting Files/Info.plist";
				LD_RUNPATH_SEARCH_PATHS = (
					"$(inherited)",
					"@executable_path/Frameworks",
				);
				PRODUCT_BUNDLE_IDENTIFIER = com.josiahTeamMates.NewQuestions;
				PRODUCT_NAME = "$(TARGET_NAME)";
				PROVISIONING_PROFILE_SPECIFIER = "";
				SWIFT_VERSION = 5.0;
				TARGETED_DEVICE_FAMILY = 1;
			};
			name = Debug;
		};
		13CE52762272C7C4003BBF37 /* Release */ = {
			isa = XCBuildConfiguration;
			baseConfigurationReference = AD3428714EAFCF758A9DBD5B /* Pods-NewQuestions.release.xcconfig */;
			buildSettings = {
				ASSETCATALOG_COMPILER_APPICON_NAME = AppIcon;
				CODE_SIGN_IDENTITY = "iPhone Developer";
				CODE_SIGN_STYLE = Automatic;
				DEVELOPMENT_TEAM = NZQAU3W3J4;
				INFOPLIST_FILE = "$(SRCROOT)/NewQuestions/Supporting Files/Info.plist";
				LD_RUNPATH_SEARCH_PATHS = (
					"$(inherited)",
					"@executable_path/Frameworks",
				);
				PRODUCT_BUNDLE_IDENTIFIER = com.josiahTeamMates.NewQuestions;
				PRODUCT_NAME = "$(TARGET_NAME)";
				PROVISIONING_PROFILE_SPECIFIER = "";
				SWIFT_VERSION = 5.0;
				TARGETED_DEVICE_FAMILY = 1;
			};
			name = Release;
		};
/* End XCBuildConfiguration section */

/* Begin XCConfigurationList section */
		13CE525D2272C7C3003BBF37 /* Build configuration list for PBXProject "NewQuestions" */ = {
			isa = XCConfigurationList;
			buildConfigurations = (
				13CE52722272C7C4003BBF37 /* Debug */,
				13CE52732272C7C4003BBF37 /* Release */,
			);
			defaultConfigurationIsVisible = 0;
			defaultConfigurationName = Release;
		};
		13CE52742272C7C4003BBF37 /* Build configuration list for PBXNativeTarget "NewQuestions" */ = {
			isa = XCConfigurationList;
			buildConfigurations = (
				13CE52752272C7C4003BBF37 /* Debug */,
				13CE52762272C7C4003BBF37 /* Release */,
			);
			defaultConfigurationIsVisible = 0;
			defaultConfigurationName = Release;
		};
/* End XCConfigurationList section */
	};
	rootObject = 13CE525A2272C7C3003BBF37 /* Project object */;
}
